
Microsoft Visual Studio Solution File, Format Version 12.00
# Visual Studio Version 17
VisualStudioVersion = 17.8.34316.72
MinimumVisualStudioVersion = 10.0.40219.1
Project("{FAE04EC0-301F-11D3-BF4B-00C04F79EFBC}") = "AdventOfCode", "AdventOfCode.csproj", "{38F34073-3DBC-4D62-9614-E8CA66783BA0}"
EndProject
Global
	GlobalSection(SolutionConfigurationPlatforms) = preSolution
		Debug|Any CPU = Debug|Any CPU
		Release|Any CPU = Release|Any CPU
	EndGlobalSection
	GlobalSection(ProjectConfigurationPlatforms) = postSolution
		{38F34073-3DBC-4D62-9614-E8CA66783BA0}.Debug|Any CPU.ActiveCfg = Debug|Any CPU
		{38F34073-3DBC-4D62-9614-E8CA66783BA0}.Debug|Any CPU.Build.0 = Debug|Any CPU
		{38F34073-3DBC-4D62-9614-E8CA66783BA0}.Release|Any CPU.ActiveCfg = Release|Any CPU
		{38F34073-3DBC-4D62-9614-E8CA66783BA0}.Release|Any CPU.Build.0 = Release|Any CPU
	EndGlobalSection
	GlobalSection(SolutionProperties) = preSolution
		HideSolutionNode = FALSE
	EndGlobalSection
	GlobalSection(ExtensibilityGlobals) = postSolution
		SolutionGuid = {0FA89ACD-948E-4BFA-ADA6-7830C5C8E4D3}
	EndGlobalSection
EndGlobal
